
Microsoft Visual Studio Solution File, Format Version 12.00
# Visual Studio 15
VisualStudioVersion = 15.0.28010.2050
MinimumVisualStudioVersion = 10.0.40219.1
Project("{FAE04EC0-301F-11D3-BF4B-00C04F79EFBC}") = "ProjetoTeste", "ProjetoTeste\ProjetoTeste.csproj", "{8852C7BC-7932-465C-B124-CDC17D7A4DA6}"
EndProject
Global
	GlobalSection(SolutionConfigurationPlatforms) = preSolution
		Debug|Any CPU = Debug|Any CPU
		Release|Any CPU = Release|Any CPU
	EndGlobalSection
	GlobalSection(ProjectConfigurationPlatforms) = postSolution
		{8852C7BC-7932-465C-B124-CDC17D7A4DA6}.Debug|Any CPU.ActiveCfg = Debug|Any CPU
		{8852C7BC-7932-465C-B124-CDC17D7A4DA6}.Debug|Any CPU.Build.0 = Debug|Any CPU
		{8852C7BC-7932-465C-B124-CDC17D7A4DA6}.Release|Any CPU.ActiveCfg = Release|Any CPU
		{8852C7BC-7932-465C-B124-CDC17D7A4DA6}.Release|Any CPU.Build.0 = Release|Any CPU
	EndGlobalSection
	GlobalSection(SolutionProperties) = preSolution
		HideSolutionNode = FALSE
	EndGlobalSection
	GlobalSection(ExtensibilityGlobals) = postSolution
		SolutionGuid = {F5E345B5-8F46-48FA-B471-3E424C43678F}
	EndGlobalSection
EndGlobal
